// !$*UTF8*$!
{
	archiveVersion = 1;
	classes = {
	};
	objectVersion = 50;
	objects = {

/* Begin PBXBuildFile section */
		2B3B61E825A74F39007E394E /* Goal.swift in Sources */ = {isa = PBXBuildFile; fileRef = 2B3B61E725A74F39007E394E /* Goal.swift */; };
		2B3B61EF25A75032007E394E /* Action.swift in Sources */ = {isa = PBXBuildFile; fileRef = 2B3B61EE25A75032007E394E /* Action.swift */; };
		2B3B61F425A753AC007E394E /* GoalListView.swift in Sources */ = {isa = PBXBuildFile; fileRef = 2B3B61F325A753AC007E394E /* GoalListView.swift */; };
		2B3B61F925A75593007E394E /* GoalListRow.swift in Sources */ = {isa = PBXBuildFile; fileRef = 2B3B61F825A75593007E394E /* GoalListRow.swift */; };
		2B3B61FE25A7576D007E394E /* GoalDetailView.swift in Sources */ = {isa = PBXBuildFile; fileRef = 2B3B61FD25A7576D007E394E /* GoalDetailView.swift */; };
		2B8643B625A462AF00A5DB36 /* GoalTrackerApp.swift in Sources */ = {isa = PBXBuildFile; fileRef = 2B8643B525A462AF00A5DB36 /* GoalTrackerApp.swift */; };
		2B8643B825A462AF00A5DB36 /* ContentView.swift in Sources */ = {isa = PBXBuildFile; fileRef = 2B8643B725A462AF00A5DB36 /* ContentView.swift */; };
		2B8643BA25A462B100A5DB36 /* Assets.xcassets in Resources */ = {isa = PBXBuildFile; fileRef = 2B8643B925A462B100A5DB36 /* Assets.xcassets */; };
		2B8643BD25A462B100A5DB36 /* Preview Assets.xcassets in Resources */ = {isa = PBXBuildFile; fileRef = 2B8643BC25A462B100A5DB36 /* Preview Assets.xcassets */; };
		2B8643C825A462B100A5DB36 /* GoalTrackerTests.swift in Sources */ = {isa = PBXBuildFile; fileRef = 2B8643C725A462B100A5DB36 /* GoalTrackerTests.swift */; };
		2B8643D325A462B100A5DB36 /* GoalTrackerUITests.swift in Sources */ = {isa = PBXBuildFile; fileRef = 2B8643D225A462B100A5DB36 /* GoalTrackerUITests.swift */; };
/* End PBXBuildFile section */

/* Begin PBXContainerItemProxy section */
		2B8643C425A462B100A5DB36 /* PBXContainerItemProxy */ = {
			isa = PBXContainerItemProxy;
			containerPortal = 2B8643AA25A462AF00A5DB36 /* Project object */;
			proxyType = 1;
			remoteGlobalIDString = 2B8643B125A462AF00A5DB36;
			remoteInfo = GoalTracker;
		};
		2B8643CF25A462B100A5DB36 /* PBXContainerItemProxy */ = {
			isa = PBXContainerItemProxy;
			containerPortal = 2B8643AA25A462AF00A5DB36 /* Project object */;
			proxyType = 1;
			remoteGlobalIDString = 2B8643B125A462AF00A5DB36;
			remoteInfo = GoalTracker;
		};
/* End PBXContainerItemProxy section */

/* Begin PBXFileReference section */
		2B3B61E725A74F39007E394E /* Goal.swift */ = {isa = PBXFileReference; lastKnownFileType = sourcecode.swift; path = Goal.swift; sourceTree = "<group>"; };
		2B3B61EE25A75032007E394E /* Action.swift */ = {isa = PBXFileReference; lastKnownFileType = sourcecode.swift; path = Action.swift; sourceTree = "<group>"; };
		2B3B61F325A753AC007E394E /* GoalListView.swift */ = {isa = PBXFileReference; lastKnownFileType = sourcecode.swift; path = GoalListView.swift; sourceTree = "<group>"; };
		2B3B61F825A75593007E394E /* GoalListRow.swift */ = {isa = PBXFileReference; lastKnownFileType = sourcecode.swift; path = GoalListRow.swift; sourceTree = "<group>"; };
		2B3B61FD25A7576D007E394E /* GoalDetailView.swift */ = {isa = PBXFileReference; lastKnownFileType = sourcecode.swift; path = GoalDetailView.swift; sourceTree = "<group>"; };
		2B8643B225A462AF00A5DB36 /* GoalTracker.app */ = {isa = PBXFileReference; explicitFileType = wrapper.application; includeInIndex = 0; path = GoalTracker.app; sourceTree = BUILT_PRODUCTS_DIR; };
		2B8643B525A462AF00A5DB36 /* GoalTrackerApp.swift */ = {isa = PBXFileReference; lastKnownFileType = sourcecode.swift; path = GoalTrackerApp.swift; sourceTree = "<group>"; };
		2B8643B725A462AF00A5DB36 /* ContentView.swift */ = {isa = PBXFileReference; lastKnownFileType = sourcecode.swift; path = ContentView.swift; sourceTree = "<group>"; };
		2B8643B925A462B100A5DB36 /* Assets.xcassets */ = {isa = PBXFileReference; lastKnownFileType = folder.assetcatalog; path = Assets.xcassets; sourceTree = "<group>"; };
		2B8643BC25A462B100A5DB36 /* Preview Assets.xcassets */ = {isa = PBXFileReference; lastKnownFileType = folder.assetcatalog; path = "Preview Assets.xcassets"; sourceTree = "<group>"; };
		2B8643BE25A462B100A5DB36 /* Info.plist */ = {isa = PBXFileReference; lastKnownFileType = text.plist.xml; path = Info.plist; sourceTree = "<group>"; };
		2B8643C325A462B100A5DB36 /* GoalTrackerTests.xctest */ = {isa = PBXFileReference; explicitFileType = wrapper.cfbundle; includeInIndex = 0; path = GoalTrackerTests.xctest; sourceTree = BUILT_PRODUCTS_DIR; };
		2B8643C725A462B100A5DB36 /* GoalTrackerTests.swift */ = {isa = PBXFileReference; lastKnownFileType = sourcecode.swift; path = GoalTrackerTests.swift; sourceTree = "<group>"; };
		2B8643C925A462B100A5DB36 /* Info.plist */ = {isa = PBXFileReference; lastKnownFileType = text.plist.xml; path = Info.plist; sourceTree = "<group>"; };
		2B8643CE25A462B100A5DB36 /* GoalTrackerUITests.xctest */ = {isa = PBXFileReference; explicitFileType = wrapper.cfbundle; includeInIndex = 0; path = GoalTrackerUITests.xctest; sourceTree = BUILT_PRODUCTS_DIR; };
		2B8643D225A462B100A5DB36 /* GoalTrackerUITests.swift */ = {isa = PBXFileReference; lastKnownFileType = sourcecode.swift; path = GoalTrackerUITests.swift; sourceTree = "<group>"; };
		2B8643D425A462B100A5DB36 /* Info.plist */ = {isa = PBXFileReference; lastKnownFileType = text.plist.xml; path = Info.plist; sourceTree = "<group>"; };
/* End PBXFileReference section */

/* Begin PBXFrameworksBuildPhase section */
		2B8643AF25A462AF00A5DB36 /* Frameworks */ = {
			isa = PBXFrameworksBuildPhase;
			buildActionMask = 2147483647;
			files = (
			);
			runOnlyForDeploymentPostprocessing = 0;
		};
		2B8643C025A462B100A5DB36 /* Frameworks */ = {
			isa = PBXFrameworksBuildPhase;
			buildActionMask = 2147483647;
			files = (
			);
			runOnlyForDeploymentPostprocessing = 0;
		};
		2B8643CB25A462B100A5DB36 /* Frameworks */ = {
			isa = PBXFrameworksBuildPhase;
			buildActionMask = 2147483647;
			files = (
			);
			runOnlyForDeploymentPostprocessing = 0;
		};
/* End PBXFrameworksBuildPhase section */

/* Begin PBXGroup section */
		2B3B61EC25A74FCE007E394E /* Model */ = {
			isa = PBXGroup;
			children = (
				2B3B61E725A74F39007E394E /* Goal.swift */,
				2B3B61EE25A75032007E394E /* Action.swift */,
			);
			path = Model;
			sourceTree = "<group>";
		};
		2B3B61ED25A74FDE007E394E /* View */ = {
			isa = PBXGroup;
			children = (
				2B3B61F325A753AC007E394E /* GoalListView.swift */,
				2B3B61F825A75593007E394E /* GoalListRow.swift */,
				2B3B61FD25A7576D007E394E /* GoalDetailView.swift */,
			);
			path = View;
			sourceTree = "<group>";
		};
		2B8643A925A462AE00A5DB36 = {
			isa = PBXGroup;
			children = (
				2B8643B425A462AF00A5DB36 /* GoalTracker */,
				2B8643C625A462B100A5DB36 /* GoalTrackerTests */,
				2B8643D125A462B100A5DB36 /* GoalTrackerUITests */,
				2B8643B325A462AF00A5DB36 /* Products */,
			);
			sourceTree = "<group>";
		};
		2B8643B325A462AF00A5DB36 /* Products */ = {
			isa = PBXGroup;
			children = (
				2B8643B225A462AF00A5DB36 /* GoalTracker.app */,
				2B8643C325A462B100A5DB36 /* GoalTrackerTests.xctest */,
				2B8643CE25A462B100A5DB36 /* GoalTrackerUITests.xctest */,
			);
			name = Products;
			sourceTree = "<group>";
		};
		2B8643B425A462AF00A5DB36 /* GoalTracker */ = {
			isa = PBXGroup;
			children = (
				2B3B61ED25A74FDE007E394E /* View */,
				2B3B61EC25A74FCE007E394E /* Model */,
				2B8643B525A462AF00A5DB36 /* GoalTrackerApp.swift */,
				2B8643B725A462AF00A5DB36 /* ContentView.swift */,
				2B8643B925A462B100A5DB36 /* Assets.xcassets */,
				2B8643BE25A462B100A5DB36 /* Info.plist */,
				2B8643BB25A462B100A5DB36 /* Preview Content */,
			);
			path = GoalTracker;
			sourceTree = "<group>";
		};
		2B8643BB25A462B100A5DB36 /* Preview Content */ = {
			isa = PBXGroup;
			children = (
				2B8643BC25A462B100A5DB36 /* Preview Assets.xcassets */,
			);
			path = "Preview Content";
			sourceTree = "<group>";
		};
		2B8643C625A462B100A5DB36 /* GoalTrackerTests */ = {
			isa = PBXGroup;
			children = (
				2B8643C725A462B100A5DB36 /* GoalTrackerTests.swift */,
				2B8643C925A462B100A5DB36 /* Info.plist */,
			);
			path = GoalTrackerTests;
			sourceTree = "<group>";
		};
		2B8643D125A462B100A5DB36 /* GoalTrackerUITests */ = {
			isa = PBXGroup;
			children = (
				2B8643D225A462B100A5DB36 /* GoalTrackerUITests.swift */,
				2B8643D425A462B100A5DB36 /* Info.plist */,
			);
			path = GoalTrackerUITests;
			sourceTree = "<group>";
		};
/* End PBXGroup section */

/* Begin PBXNativeTarget section */
		2B8643B125A462AF00A5DB36 /* GoalTracker */ = {
			isa = PBXNativeTarget;
			buildConfigurationList = 2B8643D725A462B100A5DB36 /* Build configuration list for PBXNativeTarget "GoalTracker" */;
			buildPhases = (
				2B8643AE25A462AF00A5DB36 /* Sources */,
				2B8643AF25A462AF00A5DB36 /* Frameworks */,
				2B8643B025A462AF00A5DB36 /* Resources */,
			);
			buildRules = (
			);
			dependencies = (
			);
			name = GoalTracker;
			productName = GoalTracker;
			productReference = 2B8643B225A462AF00A5DB36 /* GoalTracker.app */;
			productType = "com.apple.product-type.application";
		};
		2B8643C225A462B100A5DB36 /* GoalTrackerTests */ = {
			isa = PBXNativeTarget;
			buildConfigurationList = 2B8643DA25A462B100A5DB36 /* Build configuration list for PBXNativeTarget "GoalTrackerTests" */;
			buildPhases = (
				2B8643BF25A462B100A5DB36 /* Sources */,
				2B8643C025A462B100A5DB36 /* Frameworks */,
				2B8643C125A462B100A5DB36 /* Resources */,
			);
			buildRules = (
			);
			dependencies = (
				2B8643C525A462B100A5DB36 /* PBXTargetDependency */,
			);
			name = GoalTrackerTests;
			productName = GoalTrackerTests;
			productReference = 2B8643C325A462B100A5DB36 /* GoalTrackerTests.xctest */;
			productType = "com.apple.product-type.bundle.unit-test";
		};
		2B8643CD25A462B100A5DB36 /* GoalTrackerUITests */ = {
			isa = PBXNativeTarget;
			buildConfigurationList = 2B8643DD25A462B100A5DB36 /* Build configuration list for PBXNativeTarget "GoalTrackerUITests" */;
			buildPhases = (
				2B8643CA25A462B100A5DB36 /* Sources */,
				2B8643CB25A462B100A5DB36 /* Frameworks */,
				2B8643CC25A462B100A5DB36 /* Resources */,
			);
			buildRules = (
			);
			dependencies = (
				2B8643D025A462B100A5DB36 /* PBXTargetDependency */,
			);
			name = GoalTrackerUITests;
			productName = GoalTrackerUITests;
			productReference = 2B8643CE25A462B100A5DB36 /* GoalTrackerUITests.xctest */;
			productType = "com.apple.product-type.bundle.ui-testing";
		};
/* End PBXNativeTarget section */

/* Begin PBXProject section */
		2B8643AA25A462AF00A5DB36 /* Project object */ = {
			isa = PBXProject;
			attributes = {
				LastSwiftUpdateCheck = 1220;
				LastUpgradeCheck = 1220;
				TargetAttributes = {
					2B8643B125A462AF00A5DB36 = {
						CreatedOnToolsVersion = 12.2;
					};
					2B8643C225A462B100A5DB36 = {
						CreatedOnToolsVersion = 12.2;
						TestTargetID = 2B8643B125A462AF00A5DB36;
					};
					2B8643CD25A462B100A5DB36 = {
						CreatedOnToolsVersion = 12.2;
						TestTargetID = 2B8643B125A462AF00A5DB36;
					};
				};
			};
			buildConfigurationList = 2B8643AD25A462AF00A5DB36 /* Build configuration list for PBXProject "GoalTracker" */;
			compatibilityVersion = "Xcode 9.3";
			developmentRegion = en;
			hasScannedForEncodings = 0;
			knownRegions = (
				en,
				Base,
			);
			mainGroup = 2B8643A925A462AE00A5DB36;
			productRefGroup = 2B8643B325A462AF00A5DB36 /* Products */;
			projectDirPath = "";
			projectRoot = "";
			targets = (
				2B8643B125A462AF00A5DB36 /* GoalTracker */,
				2B8643C225A462B100A5DB36 /* GoalTrackerTests */,
				2B8643CD25A462B100A5DB36 /* GoalTrackerUITests */,
			);
		};
/* End PBXProject section */

/* Begin PBXResourcesBuildPhase section */
		2B8643B025A462AF00A5DB36 /* Resources */ = {
			isa = PBXResourcesBuildPhase;
			buildActionMask = 2147483647;
			files = (
				2B8643BD25A462B100A5DB36 /* Preview Assets.xcassets in Resources */,
				2B8643BA25A462B100A5DB36 /* Assets.xcassets in Resources */,
			);
			runOnlyForDeploymentPostprocessing = 0;
		};
		2B8643C125A462B100A5DB36 /* Resources */ = {
			isa = PBXResourcesBuildPhase;
			buildActionMask = 2147483647;
			files = (
			);
			runOnlyForDeploymentPostprocessing = 0;
		};
		2B8643CC25A462B100A5DB36 /* Resources */ = {
			isa = PBXResourcesBuildPhase;
			buildActionMask = 2147483647;
			files = (
			);
			runOnlyForDeploymentPostprocessing = 0;
		};
/* End PBXResourcesBuildPhase section */

/* Begin PBXSourcesBuildPhase section */
		2B8643AE25A462AF00A5DB36 /* Sources */ = {
			isa = PBXSourcesBuildPhase;
			buildActionMask = 2147483647;
			files = (
				2B8643B825A462AF00A5DB36 /* ContentView.swift in Sources */,
				2B3B61F425A753AC007E394E /* GoalListView.swift in Sources */,
				2B3B61FE25A7576D007E394E /* GoalDetailView.swift in Sources */,
				2B3B61EF25A75032007E394E /* Action.swift in Sources */,
				2B3B61E825A74F39007E394E /* Goal.swift in Sources */,
				2B8643B625A462AF00A5DB36 /* GoalTrackerApp.swift in Sources */,
				2B3B61F925A75593007E394E /* GoalListRow.swift in Sources */,
			);
			runOnlyForDeploymentPostprocessing = 0;
		};
		2B8643BF25A462B100A5DB36 /* Sources */ = {
			isa = PBXSourcesBuildPhase;
			buildActionMask = 2147483647;
			files = (
				2B8643C825A462B100A5DB36 /* GoalTrackerTests.swift in Sources */,
			);
			runOnlyForDeploymentPostprocessing = 0;
		};
		2B8643CA25A462B100A5DB36 /* Sources */ = {
			isa = PBXSourcesBuildPhase;
			buildActionMask = 2147483647;
			files = (
				2B8643D325A462B100A5DB36 /* GoalTrackerUITests.swift in Sources */,
			);
			runOnlyForDeploymentPostprocessing = 0;
		};
/* End PBXSourcesBuildPhase section */

/* Begin PBXTargetDependency section */
		2B8643C525A462B100A5DB36 /* PBXTargetDependency */ = {
			isa = PBXTargetDependency;
			target = 2B8643B125A462AF00A5DB36 /* GoalTracker */;
			targetProxy = 2B8643C425A462B100A5DB36 /* PBXContainerItemProxy */;
		};
		2B8643D025A462B100A5DB36 /* PBXTargetDependency */ = {
			isa = PBXTargetDependency;
			target = 2B8643B125A462AF00A5DB36 /* GoalTracker */;
			targetProxy = 2B8643CF25A462B100A5DB36 /* PBXContainerItemProxy */;
		};
/* End PBXTargetDependency section */

/* Begin XCBuildConfiguration section */
		2B8643D525A462B100A5DB36 /* Debug */ = {
			isa = XCBuildConfiguration;
			buildSettings = {
				ALWAYS_SEARCH_USER_PATHS = NO;
				CLANG_ANALYZER_NONNULL = YES;
				CLANG_ANALYZER_NUMBER_OBJECT_CONVERSION = YES_AGGRESSIVE;
				CLANG_CXX_LANGUAGE_STANDARD = "gnu++14";
				CLANG_CXX_LIBRARY = "libc++";
				CLANG_ENABLE_MODULES = YES;
				CLANG_ENABLE_OBJC_ARC = YES;
				CLANG_ENABLE_OBJC_WEAK = YES;
				CLANG_WARN_BLOCK_CAPTURE_AUTORELEASING = YES;
				CLANG_WARN_BOOL_CONVERSION = YES;
				CLANG_WARN_COMMA = YES;
				CLANG_WARN_CONSTANT_CONVERSION = YES;
				CLANG_WARN_DEPRECATED_OBJC_IMPLEMENTATIONS = YES;
				CLANG_WARN_DIRECT_OBJC_ISA_USAGE = YES_ERROR;
				CLANG_WARN_DOCUMENTATION_COMMENTS = YES;
				CLANG_WARN_EMPTY_BODY = YES;
				CLANG_WARN_ENUM_CONVERSION = YES;
				CLANG_WARN_INFINITE_RECURSION = YES;
				CLANG_WARN_INT_CONVERSION = YES;
				CLANG_WARN_NON_LITERAL_NULL_CONVERSION = YES;
				CLANG_WARN_OBJC_IMPLICIT_RETAIN_SELF = YES;
				CLANG_WARN_OBJC_LITERAL_CONVERSION = YES;
				CLANG_WARN_OBJC_ROOT_CLASS = YES_ERROR;
				CLANG_WARN_QUOTED_INCLUDE_IN_FRAMEWORK_HEADER = YES;
				CLANG_WARN_RANGE_LOOP_ANALYSIS = YES;
				CLANG_WARN_STRICT_PROTOTYPES = YES;
				CLANG_WARN_SUSPICIOUS_MOVE = YES;
				CLANG_WARN_UNGUARDED_AVAILABILITY = YES_AGGRESSIVE;
				CLANG_WARN_UNREACHABLE_CODE = YES;
				CLANG_WARN__DUPLICATE_METHOD_MATCH = YES;
				COPY_PHASE_STRIP = NO;
				DEBUG_INFORMATION_FORMAT = dwarf;
				ENABLE_STRICT_OBJC_MSGSEND = YES;
				ENABLE_TESTABILITY = YES;
				GCC_C_LANGUAGE_STANDARD = gnu11;
				GCC_DYNAMIC_NO_PIC = NO;
				GCC_NO_COMMON_BLOCKS = YES;
				GCC_OPTIMIZATION_LEVEL = 0;
				GCC_PREPROCESSOR_DEFINITIONS = (
					"DEBUG=1",
					"$(inherited)",
				);
				GCC_WARN_64_TO_32_BIT_CONVERSION = YES;
				GCC_WARN_ABOUT_RETURN_TYPE = YES_ERROR;
				GCC_WARN_UNDECLARED_SELECTOR = YES;
				GCC_WARN_UNINITIALIZED_AUTOS = YES_AGGRESSIVE;
				GCC_WARN_UNUSED_FUNCTION = YES;
				GCC_WARN_UNUSED_VARIABLE = YES;
				IPHONEOS_DEPLOYMENT_TARGET = 14.2;
				MTL_ENABLE_DEBUG_INFO = INCLUDE_SOURCE;
				MTL_FAST_MATH = YES;
				ONLY_ACTIVE_ARCH = YES;
				SDKROOT = iphoneos;
				SWIFT_ACTIVE_COMPILATION_CONDITIONS = DEBUG;
				SWIFT_OPTIMIZATION_LEVEL = "-Onone";
			};
			name = Debug;
		};
		2B8643D625A462B100A5DB36 /* Release */ = {
			isa = XCBuildConfiguration;
			buildSettings = {
				ALWAYS_SEARCH_USER_PATHS = NO;
				CLANG_ANALYZER_NONNULL = YES;
				CLANG_ANALYZER_NUMBER_OBJECT_CONVERSION = YES_AGGRESSIVE;
				CLANG_CXX_LANGUAGE_STANDARD = "gnu++14";
				CLANG_CXX_LIBRARY = "libc++";
				CLANG_ENABLE_MODULES = YES;
				CLANG_ENABLE_OBJC_ARC = YES;
				CLANG_ENABLE_OBJC_WEAK = YES;
				CLANG_WARN_BLOCK_CAPTURE_AUTORELEASING = YES;
				CLANG_WARN_BOOL_CONVERSION = YES;
				CLANG_WARN_COMMA = YES;
				CLANG_WARN_CONSTANT_CONVERSION = YES;
				CLANG_WARN_DEPRECATED_OBJC_IMPLEMENTATIONS = YES;
				CLANG_WARN_DIRECT_OBJC_ISA_USAGE = YES_ERROR;
				CLANG_WARN_DOCUMENTATION_COMMENTS = YES;
				CLANG_WARN_EMPTY_BODY = YES;
				CLANG_WARN_ENUM_CONVERSION = YES;
				CLANG_WARN_INFINITE_RECURSION = YES;
				CLANG_WARN_INT_CONVERSION = YES;
				CLANG_WARN_NON_LITERAL_NULL_CONVERSION = YES;
				CLANG_WARN_OBJC_IMPLICIT_RETAIN_SELF = YES;
				CLANG_WARN_OBJC_LITERAL_CONVERSION = YES;
				CLANG_WARN_OBJC_ROOT_CLASS = YES_ERROR;
				CLANG_WARN_QUOTED_INCLUDE_IN_FRAMEWORK_HEADER = YES;
				CLANG_WARN_RANGE_LOOP_ANALYSIS = YES;
				CLANG_WARN_STRICT_PROTOTYPES = YES;
				CLANG_WARN_SUSPICIOUS_MOVE = YES;
				CLANG_WARN_UNGUARDED_AVAILABILITY = YES_AGGRESSIVE;
				CLANG_WARN_UNREACHABLE_CODE = YES;
				CLANG_WARN__DUPLICATE_METHOD_MATCH = YES;
				COPY_PHASE_STRIP = NO;
				DEBUG_INFORMATION_FORMAT = "dwarf-with-dsym";
				ENABLE_NS_ASSERTIONS = NO;
				ENABLE_STRICT_OBJC_MSGSEND = YES;
				GCC_C_LANGUAGE_STANDARD = gnu11;
				GCC_NO_COMMON_BLOCKS = YES;
				GCC_WARN_64_TO_32_BIT_CONVERSION = YES;
				GCC_WARN_ABOUT_RETURN_TYPE = YES_ERROR;
				GCC_WARN_UNDECLARED_SELECTOR = YES;
				GCC_WARN_UNINITIALIZED_AUTOS = YES_AGGRESSIVE;
				GCC_WARN_UNUSED_FUNCTION = YES;
				GCC_WARN_UNUSED_VARIABLE = YES;
				IPHONEOS_DEPLOYMENT_TARGET = 14.2;
				MTL_ENABLE_DEBUG_INFO = NO;
				MTL_FAST_MATH = YES;
				SDKROOT = iphoneos;
				SWIFT_COMPILATION_MODE = wholemodule;
				SWIFT_OPTIMIZATION_LEVEL = "-O";
				VALIDATE_PRODUCT = YES;
			};
			name = Release;
		};
		2B8643D825A462B100A5DB36 /* Debug */ = {
			isa = XCBuildConfiguration;
			buildSettings = {
				ASSETCATALOG_COMPILER_APPICON_NAME = AppIcon;
				ASSETCATALOG_COMPILER_GLOBAL_ACCENT_COLOR_NAME = AccentColor;
				CODE_SIGN_STYLE = Manual;
				DEVELOPMENT_ASSET_PATHS = "\"GoalTracker/Preview Content\"";
				DEVELOPMENT_TEAM = "";
				ENABLE_PREVIEWS = YES;
				INFOPLIST_FILE = GoalTracker/Info.plist;
				IPHONEOS_DEPLOYMENT_TARGET = 14.0;
				LD_RUNPATH_SEARCH_PATHS = (
					"$(inherited)",
					"@executable_path/Frameworks",
				);
				PRODUCT_BUNDLE_IDENTIFIER = SuYongWon.GoalTracker;
				PRODUCT_NAME = "$(TARGET_NAME)";
				PROVISIONING_PROFILE_SPECIFIER = "";
				SWIFT_VERSION = 5.0;
				TARGETED_DEVICE_FAMILY = "1,2";
			};
			name = Debug;
		};
		2B8643D925A462B100A5DB36 /* Release */ = {
			isa = XCBuildConfiguration;
			buildSettings = {
				ASSETCATALOG_COMPILER_APPICON_NAME = AppIcon;
				ASSETCATALOG_COMPILER_GLOBAL_ACCENT_COLOR_NAME = AccentColor;
				CODE_SIGN_STYLE = Manual;
				DEVELOPMENT_ASSET_PATHS = "\"GoalTracker/Preview Content\"";
				DEVELOPMENT_TEAM = "";
				ENABLE_PREVIEWS = YES;
				INFOPLIST_FILE = GoalTracker/Info.plist;
				IPHONEOS_DEPLOYMENT_TARGET = 14.0;
				LD_RUNPATH_SEARCH_PATHS = (
					"$(inherited)",
					"@executable_path/Frameworks",
				);
				PRODUCT_BUNDLE_IDENTIFIER = SuYongWon.GoalTracker;
				PRODUCT_NAME = "$(TARGET_NAME)";
				PROVISIONING_PROFILE_SPECIFIER = "";
				SWIFT_VERSION = 5.0;
				TARGETED_DEVICE_FAMILY = "1,2";
			};
			name = Release;
		};
		2B8643DB25A462B100A5DB36 /* Debug */ = {
			isa = XCBuildConfiguration;
			buildSettings = {
				ALWAYS_EMBED_SWIFT_STANDARD_LIBRARIES = YES;
				BUNDLE_LOADER = "$(TEST_HOST)";
				CODE_SIGN_STYLE = Automatic;
				INFOPLIST_FILE = GoalTrackerTests/Info.plist;
				IPHONEOS_DEPLOYMENT_TARGET = 14.0;
				LD_RUNPATH_SEARCH_PATHS = (
					"$(inherited)",
					"@executable_path/Frameworks",
					"@loader_path/Frameworks",
				);
				PRODUCT_BUNDLE_IDENTIFIER = SuYongWon.GoalTrackerTests;
				PRODUCT_NAME = "$(TARGET_NAME)";
				SWIFT_VERSION = 5.0;
				TARGETED_DEVICE_FAMILY = "1,2";
				TEST_HOST = "$(BUILT_PRODUCTS_DIR)/GoalTracker.app/GoalTracker";
			};
			name = Debug;
		};
		2B8643DC25A462B100A5DB36 /* Release */ = {
			isa = XCBuildConfiguration;
			buildSettings = {
				ALWAYS_EMBED_SWIFT_STANDARD_LIBRARIES = YES;
				BUNDLE_LOADER = "$(TEST_HOST)";
				CODE_SIGN_STYLE = Automatic;
				INFOPLIST_FILE = GoalTrackerTests/Info.plist;
				IPHONEOS_DEPLOYMENT_TARGET = 14.0;
				LD_RUNPATH_SEARCH_PATHS = (
					"$(inherited)",
					"@executable_path/Frameworks",
					"@loader_path/Frameworks",
				);
				PRODUCT_BUNDLE_IDENTIFIER = SuYongWon.GoalTrackerTests;
				PRODUCT_NAME = "$(TARGET_NAME)";
				SWIFT_VERSION = 5.0;
				TARGETED_DEVICE_FAMILY = "1,2";
				TEST_HOST = "$(BUILT_PRODUCTS_DIR)/GoalTracker.app/GoalTracker";
			};
			name = Release;
		};
		2B8643DE25A462B100A5DB36 /* Debug */ = {
			isa = XCBuildConfiguration;
			buildSettings = {
				ALWAYS_EMBED_SWIFT_STANDARD_LIBRARIES = YES;
				CODE_SIGN_STYLE = Automatic;
				INFOPLIST_FILE = GoalTrackerUITests/Info.plist;
				LD_RUNPATH_SEARCH_PATHS = (
					"$(inherited)",
					"@executable_path/Frameworks",
					"@loader_path/Frameworks",
				);
				PRODUCT_BUNDLE_IDENTIFIER = SuYongWon.GoalTrackerUITests;
				PRODUCT_NAME = "$(TARGET_NAME)";
				SWIFT_VERSION = 5.0;
				TARGETED_DEVICE_FAMILY = "1,2";
				TEST_TARGET_NAME = GoalTracker;
			};
			name = Debug;
		};
		2B8643DF25A462B100A5DB36 /* Release */ = {
			isa = XCBuildConfiguration;
			buildSettings = {
				ALWAYS_EMBED_SWIFT_STANDARD_LIBRARIES = YES;
				CODE_SIGN_STYLE = Automatic;
				INFOPLIST_FILE = GoalTrackerUITests/Info.plist;
				LD_RUNPATH_SEARCH_PATHS = (
					"$(inherited)",
					"@executable_path/Frameworks",
					"@loader_path/Frameworks",
				);
				PRODUCT_BUNDLE_IDENTIFIER = SuYongWon.GoalTrackerUITests;
				PRODUCT_NAME = "$(TARGET_NAME)";
				SWIFT_VERSION = 5.0;
				TARGETED_DEVICE_FAMILY = "1,2";
				TEST_TARGET_NAME = GoalTracker;
			};
			name = Release;
		};
/* End XCBuildConfiguration section */

/* Begin XCConfigurationList section */
		2B8643AD25A462AF00A5DB36 /* Build configuration list for PBXProject "GoalTracker" */ = {
			isa = XCConfigurationList;
			buildConfigurations = (
				2B8643D525A462B100A5DB36 /* Debug */,
				2B8643D625A462B100A5DB36 /* Release */,
			);
			defaultConfigurationIsVisible = 0;
			defaultConfigurationName = Release;
		};
		2B8643D725A462B100A5DB36 /* Build configuration list for PBXNativeTarget "GoalTracker" */ = {
			isa = XCConfigurationList;
			buildConfigurations = (
				2B8643D825A462B100A5DB36 /* Debug */,
				2B8643D925A462B100A5DB36 /* Release */,
			);
			defaultConfigurationIsVisible = 0;
			defaultConfigurationName = Release;
		};
		2B8643DA25A462B100A5DB36 /* Build configuration list for PBXNativeTarget "GoalTrackerTests" */ = {
			isa = XCConfigurationList;
			buildConfigurations = (
				2B8643DB25A462B100A5DB36 /* Debug */,
				2B8643DC25A462B100A5DB36 /* Release */,
			);
			defaultConfigurationIsVisible = 0;
			defaultConfigurationName = Release;
		};
		2B8643DD25A462B100A5DB36 /* Build configuration list for PBXNativeTarget "GoalTrackerUITests" */ = {
			isa = XCConfigurationList;
			buildConfigurations = (
				2B8643DE25A462B100A5DB36 /* Debug */,
				2B8643DF25A462B100A5DB36 /* Release */,
			);
			defaultConfigurationIsVisible = 0;
			defaultConfigurationName = Release;
		};
/* End XCConfigurationList section */
	};
	rootObject = 2B8643AA25A462AF00A5DB36 /* Project object */;
}
